
Microsoft Visual Studio Solution File, Format Version 12.00
# Visual Studio Version 17
VisualStudioVersion = 17.0.31903.59
MinimumVisualStudioVersion = 10.0.40219.1
Project("{9A19103F-16F7-4668-BE54-9A1E7A4F7556}") = "IdentityServer4.AspNetIdentity", "src\AspNetIdentity\src\IdentityServer4.AspNetIdentity.csproj", "{88113A19-CFD6-483D-AFC9-5E42AAB4DE6A}"
EndProject
Project("{9A19103F-16F7-4668-BE54-9A1E7A4F7556}") = "IdentityServer4.EntityFramework", "src\EntityFramework\src\IdentityServer4.EntityFramework.csproj", "{AFA22024-E653-4D57-9EEA-58FEEA791556}"
EndProject
Project("{9A19103F-16F7-4668-BE54-9A1E7A4F7556}") = "IdentityServer4.EntityFramework.Storage", "src\EntityFramework.Storage\src\IdentityServer4.EntityFramework.Storage.csproj", "{E894DBE2-814F-4D37-955F-F6BC8F0927B3}"
EndProject
Project("{9A19103F-16F7-4668-BE54-9A1E7A4F7556}") = "IdentityServer4", "src\IdentityServer4\src\IdentityServer4.csproj", "{B2FED10D-0E5B-4B04-95E8-EF7F46C2F706}"
EndProject
Project("{9A19103F-16F7-4668-BE54-9A1E7A4F7556}") = "IdentityServer4.Storage", "src\Storage\src\IdentityServer4.Storage.csproj", "{DD6CBDDB-A237-437E-8287-D9DFA3583D8F}"
EndProject
Global
	GlobalSection(SolutionConfigurationPlatforms) = preSolution
		Debug|Any CPU = Debug|Any CPU
		Release|Any CPU = Release|Any CPU
	EndGlobalSection
	GlobalSection(ProjectConfigurationPlatforms) = postSolution
		{88113A19-CFD6-483D-AFC9-5E42AAB4DE6A}.Debug|Any CPU.ActiveCfg = Debug|Any CPU
		{88113A19-CFD6-483D-AFC9-5E42AAB4DE6A}.Debug|Any CPU.Build.0 = Debug|Any CPU
		{88113A19-CFD6-483D-AFC9-5E42AAB4DE6A}.Release|Any CPU.ActiveCfg = Release|Any CPU
		{88113A19-CFD6-483D-AFC9-5E42AAB4DE6A}.Release|Any CPU.Build.0 = Release|Any CPU
		{AFA22024-E653-4D57-9EEA-58FEEA791556}.Debug|Any CPU.ActiveCfg = Debug|Any CPU
		{AFA22024-E653-4D57-9EEA-58FEEA791556}.Debug|Any CPU.Build.0 = Debug|Any CPU
		{AFA22024-E653-4D57-9EEA-58FEEA791556}.Release|Any CPU.ActiveCfg = Release|Any CPU
		{AFA22024-E653-4D57-9EEA-58FEEA791556}.Release|Any CPU.Build.0 = Release|Any CPU
		{E894DBE2-814F-4D37-955F-F6BC8F0927B3}.Debug|Any CPU.ActiveCfg = Debug|Any CPU
		{E894DBE2-814F-4D37-955F-F6BC8F0927B3}.Debug|Any CPU.Build.0 = Debug|Any CPU
		{E894DBE2-814F-4D37-955F-F6BC8F0927B3}.Release|Any CPU.ActiveCfg = Release|Any CPU
		{E894DBE2-814F-4D37-955F-F6BC8F0927B3}.Release|Any CPU.Build.0 = Release|Any CPU
		{B2FED10D-0E5B-4B04-95E8-EF7F46C2F706}.Debug|Any CPU.ActiveCfg = Debug|Any CPU
		{B2FED10D-0E5B-4B04-95E8-EF7F46C2F706}.Debug|Any CPU.Build.0 = Debug|Any CPU
		{B2FED10D-0E5B-4B04-95E8-EF7F46C2F706}.Release|Any CPU.ActiveCfg = Release|Any CPU
		{B2FED10D-0E5B-4B04-95E8-EF7F46C2F706}.Release|Any CPU.Build.0 = Release|Any CPU
		{DD6CBDDB-A237-437E-8287-D9DFA3583D8F}.Debug|Any CPU.ActiveCfg = Debug|Any CPU
		{DD6CBDDB-A237-437E-8287-D9DFA3583D8F}.Debug|Any CPU.Build.0 = Debug|Any CPU
		{DD6CBDDB-A237-437E-8287-D9DFA3583D8F}.Release|Any CPU.ActiveCfg = Release|Any CPU
		{DD6CBDDB-A237-437E-8287-D9DFA3583D8F}.Release|Any CPU.Build.0 = Release|Any CPU
	EndGlobalSection
	GlobalSection(SolutionProperties) = preSolution
		HideSolutionNode = FALSE
	EndGlobalSection
	GlobalSection(ExtensibilityGlobals) = postSolution
		SolutionGuid = {C5FE8B7E-6391-43E6-A164-3EDD075DE61D}
	EndGlobalSection
EndGlobal
